
Microsoft Visual Studio Solution File, Format Version 12.00
# Visual Studio 15
VisualStudioVersion = 15.0.28307.1169
MinimumVisualStudioVersion = 10.0.40219.1
Project("{8BC9CEB8-8B4A-11D0-8D11-00A0C91BC942}") = "Calibration", "Calibration\Calibration.vcxproj", "{A0731A3A-D646-4541-A233-C802E5FD2844}"
EndProject
Global
	GlobalSection(SolutionConfigurationPlatforms) = preSolution
		Debug|x64 = Debug|x64
		Release|x64 = Release|x64
	EndGlobalSection
	GlobalSection(ProjectConfigurationPlatforms) = postSolution
		{A0731A3A-D646-4541-A233-C802E5FD2844}.Debug|x64.ActiveCfg = Debug|x64
		{A0731A3A-D646-4541-A233-C802E5FD2844}.Debug|x64.Build.0 = Debug|x64
		{A0731A3A-D646-4541-A233-C802E5FD2844}.Release|x64.ActiveCfg = Release|x64
		{A0731A3A-D646-4541-A233-C802E5FD2844}.Release|x64.Build.0 = Release|x64
	EndGlobalSection
	GlobalSection(SolutionProperties) = preSolution
		HideSolutionNode = FALSE
	EndGlobalSection
	GlobalSection(ExtensibilityGlobals) = postSolution
		SolutionGuid = {3DD56307-B5D3-4278-91EB-CE39767ECA74}
	EndGlobalSection
EndGlobal
